// !$*UTF8*$!
{
	archiveVersion = 1;
	classes = {
	};
	objectVersion = 46;
	objects = {

/* Begin PBXBuildFile section */
		6D1C41B519E667F100F8600C /* main.m in Sources */ = {isa = PBXBuildFile; fileRef = 6D1C41B419E667F100F8600C /* main.m */; };
		6D1C41B819E667F100F8600C /* AppDelegate.m in Sources */ = {isa = PBXBuildFile; fileRef = 6D1C41B719E667F100F8600C /* AppDelegate.m */; };
		6D1C41BE19E667F100F8600C /* Main.storyboard in Resources */ = {isa = PBXBuildFile; fileRef = 6D1C41BC19E667F100F8600C /* Main.storyboard */; };
		6D1C41C319E667F100F8600C /* LaunchScreen.xib in Resources */ = {isa = PBXBuildFile; fileRef = 6D1C41C119E667F100F8600C /* LaunchScreen.xib */; };
		6D1C41CF19E667F100F8600C /* ColpToolTests.m in Sources */ = {isa = PBXBuildFile; fileRef = 6D1C41CE19E667F100F8600C /* ColpToolTests.m */; };
		6D1C41DC19E6680C00F8600C /* CTViewfinderViewController.m in Sources */ = {isa = PBXBuildFile; fileRef = 6D1C41D919E6680C00F8600C /* CTViewfinderViewController.m */; };
		6D1C41DD19E6680C00F8600C /* CTViewfinderView.m in Sources */ = {isa = PBXBuildFile; fileRef = 6D1C41DA19E6680C00F8600C /* CTViewfinderView.m */; };
		6D1C41E219E6766300F8600C /* flash-off.png in Resources */ = {isa = PBXBuildFile; fileRef = 6D1C41E019E6766300F8600C /* flash-off.png */; };
		6D1C41E319E6766300F8600C /* flash-on.png in Resources */ = {isa = PBXBuildFile; fileRef = 6D1C41E119E6766300F8600C /* flash-on.png */; };
		6D1C41EA19E731A300F8600C /* CTCamera.m in Sources */ = {isa = PBXBuildFile; fileRef = 6D1C41E919E731A300F8600C /* CTCamera.m */; };
		6D1C41ED19E738B200F8600C /* CTSharedServiceLocator.m in Sources */ = {isa = PBXBuildFile; fileRef = 6D1C41EC19E738B200F8600C /* CTSharedServiceLocator.m */; };
		6D1C41F219E743D000F8600C /* ToDo in Resources */ = {isa = PBXBuildFile; fileRef = 6D1C41F019E743D000F8600C /* ToDo */; };
		6D1C41F319E743D000F8600C /* TemplateIcon2x.png in Resources */ = {isa = PBXBuildFile; fileRef = 6D1C41F119E743D000F8600C /* TemplateIcon2x.png */; };
		6D2406AD1A159DB40006248A /* ClockGridWhiteBackground.png in Resources */ = {isa = PBXBuildFile; fileRef = 6D2406AC1A159DB40006248A /* ClockGridWhiteBackground.png */; };
		6D2406FE1A15A0510006248A /* Media.xcassets in Resources */ = {isa = PBXBuildFile; fileRef = 6D2406FD1A15A0510006248A /* Media.xcassets */; };
		6D2634CF1AA28637001E078C /* ClockGrid.png in Resources */ = {isa = PBXBuildFile; fileRef = 6D2634CE1AA28637001E078C /* ClockGrid.png */; };
		6DF2434D1A08D51F00A48B4C /* GPUImage.framework in Frameworks */ = {isa = PBXBuildFile; fileRef = 6DFDA2EE19E7943800F69237 /* GPUImage.framework */; };
		6DF2434F1A08D53400A48B4C /* GPUImage.framework in CopyFiles */ = {isa = PBXBuildFile; fileRef = 6DFDA2EE19E7943800F69237 /* GPUImage.framework */; settings = {ATTRIBUTES = (CodeSignOnCopy, RemoveHeadersOnCopy, ); }; };
		6DFDA2D119E788DB00F69237 /* CTFilterCamera.m in Sources */ = {isa = PBXBuildFile; fileRef = 6DFDA2D019E788DB00F69237 /* CTFilterCamera.m */; };
		6DFDA2F319E7947E00F69237 /* CoreMedia.framework in Frameworks */ = {isa = PBXBuildFile; fileRef = 6DFDA2F219E7947E00F69237 /* CoreMedia.framework */; };
		6DFDA2F519E7948700F69237 /* CoreVideo.framework in Frameworks */ = {isa = PBXBuildFile; fileRef = 6DFDA2F419E7948700F69237 /* CoreVideo.framework */; };
		6DFDA2F719E7949000F69237 /* OpenGLES.framework in Frameworks */ = {isa = PBXBuildFile; fileRef = 6DFDA2F619E7949000F69237 /* OpenGLES.framework */; };
		6DFDA2F919E7949600F69237 /* AVFoundation.framework in Frameworks */ = {isa = PBXBuildFile; fileRef = 6DFDA2F819E7949600F69237 /* AVFoundation.framework */; };
		6DFDA2FB19E7949C00F69237 /* QuartzCore.framework in Frameworks */ = {isa = PBXBuildFile; fileRef = 6DFDA2FA19E7949C00F69237 /* QuartzCore.framework */; };
		8B688F3748BF5CAD53CE8CEA /* libPods-ColpTool.a in Frameworks */ = {isa = PBXBuildFile; fileRef = 7C963026A44D5A8B08E1964A /* libPods-ColpTool.a */; };
		EAF84DF51ABD0FEA00C8A33D /* NSString+CTAdditions.m in Sources */ = {isa = PBXBuildFile; fileRef = EAF84DF41ABD0FEA00C8A33D /* NSString+CTAdditions.m */; };
		EAF84DFB1ABD110600C8A33D /* CTFileManager.m in Sources */ = {isa = PBXBuildFile; fileRef = EAF84DFA1ABD110600C8A33D /* CTFileManager.m */; };
/* End PBXBuildFile section */

/* Begin PBXContainerItemProxy section */
		6D1C41C919E667F100F8600C /* PBXContainerItemProxy */ = {
			isa = PBXContainerItemProxy;
			containerPortal = 6D1C41A719E667F100F8600C /* Project object */;
			proxyType = 1;
			remoteGlobalIDString = 6D1C41AE19E667F100F8600C;
			remoteInfo = ColpTool;
		};
		6DF2434B1A08D51400A48B4C /* PBXContainerItemProxy */ = {
			isa = PBXContainerItemProxy;
			containerPortal = 6DFDA2E219E7943700F69237 /* GPUImage.xcodeproj */;
			proxyType = 1;
			remoteGlobalIDString = BCE209E41943F20C002FEED8;
			remoteInfo = GPUImageFramework;
		};
		6DFDA2E919E7943800F69237 /* PBXContainerItemProxy */ = {
			isa = PBXContainerItemProxy;
			containerPortal = 6DFDA2E219E7943700F69237 /* GPUImage.xcodeproj */;
			proxyType = 2;
			remoteGlobalIDString = BCF1A33414DDB1EC00852800;
			remoteInfo = GPUImage;
		};
		6DFDA2EB19E7943800F69237 /* PBXContainerItemProxy */ = {
			isa = PBXContainerItemProxy;
			containerPortal = 6DFDA2E219E7943700F69237 /* GPUImage.xcodeproj */;
			proxyType = 2;
			remoteGlobalIDString = BCF1A34414DDB1EC00852800;
			remoteInfo = GPUImageTests;
		};
		6DFDA2ED19E7943800F69237 /* PBXContainerItemProxy */ = {
			isa = PBXContainerItemProxy;
			containerPortal = 6DFDA2E219E7943700F69237 /* GPUImage.xcodeproj */;
			proxyType = 2;
			remoteGlobalIDString = BCE209E51943F20C002FEED8;
			remoteInfo = GPUImageFramework;
		};
/* End PBXContainerItemProxy section */

/* Begin PBXCopyFilesBuildPhase section */
		6DF2434E1A08D52300A48B4C /* CopyFiles */ = {
			isa = PBXCopyFilesBuildPhase;
			buildActionMask = 2147483647;
			dstPath = "";
			dstSubfolderSpec = 10;
			files = (
				6DF2434F1A08D53400A48B4C /* GPUImage.framework in CopyFiles */,
			);
			runOnlyForDeploymentPostprocessing = 0;
		};
/* End PBXCopyFilesBuildPhase section */

/* Begin PBXFileReference section */
		5C7E3B5EC87DA269FA156A71 /* Pods-ColpTool.debug.xcconfig */ = {isa = PBXFileReference; includeInIndex = 1; lastKnownFileType = text.xcconfig; name = "Pods-ColpTool.debug.xcconfig"; path = "Pods/Target Support Files/Pods-ColpTool/Pods-ColpTool.debug.xcconfig"; sourceTree = "<group>"; };
		6D1C41AF19E667F100F8600C /* ColpTool.app */ = {isa = PBXFileReference; explicitFileType = wrapper.application; includeInIndex = 0; path = ColpTool.app; sourceTree = BUILT_PRODUCTS_DIR; };
		6D1C41B319E667F100F8600C /* Info.plist */ = {isa = PBXFileReference; lastKnownFileType = text.plist.xml; path = Info.plist; sourceTree = "<group>"; };
		6D1C41B419E667F100F8600C /* main.m */ = {isa = PBXFileReference; lastKnownFileType = sourcecode.c.objc; path = main.m; sourceTree = "<group>"; };
		6D1C41B619E667F100F8600C /* AppDelegate.h */ = {isa = PBXFileReference; lastKnownFileType = sourcecode.c.h; path = AppDelegate.h; sourceTree = "<group>"; };
		6D1C41B719E667F100F8600C /* AppDelegate.m */ = {isa = PBXFileReference; lastKnownFileType = sourcecode.c.objc; path = AppDelegate.m; sourceTree = "<group>"; };
		6D1C41BD19E667F100F8600C /* Base */ = {isa = PBXFileReference; lastKnownFileType = file.storyboard; name = Base; path = Base.lproj/Main.storyboard; sourceTree = "<group>"; };
		6D1C41C219E667F100F8600C /* Base */ = {isa = PBXFileReference; lastKnownFileType = file.xib; name = Base; path = Base.lproj/LaunchScreen.xib; sourceTree = "<group>"; };
		6D1C41C819E667F100F8600C /* ColpToolTests.xctest */ = {isa = PBXFileReference; explicitFileType = wrapper.cfbundle; includeInIndex = 0; path = ColpToolTests.xctest; sourceTree = BUILT_PRODUCTS_DIR; };
		6D1C41CD19E667F100F8600C /* Info.plist */ = {isa = PBXFileReference; lastKnownFileType = text.plist.xml; path = Info.plist; sourceTree = "<group>"; };
		6D1C41CE19E667F100F8600C /* ColpToolTests.m */ = {isa = PBXFileReference; lastKnownFileType = sourcecode.c.objc; path = ColpToolTests.m; sourceTree = "<group>"; };
		6D1C41D819E6680C00F8600C /* CTViewfinderViewController.h */ = {isa = PBXFileReference; fileEncoding = 4; lastKnownFileType = sourcecode.c.h; path = CTViewfinderViewController.h; sourceTree = "<group>"; };
		6D1C41D919E6680C00F8600C /* CTViewfinderViewController.m */ = {isa = PBXFileReference; fileEncoding = 4; lastKnownFileType = sourcecode.c.objc; path = CTViewfinderViewController.m; sourceTree = "<group>"; };
		6D1C41DA19E6680C00F8600C /* CTViewfinderView.m */ = {isa = PBXFileReference; fileEncoding = 4; lastKnownFileType = sourcecode.c.objc; path = CTViewfinderView.m; sourceTree = "<group>"; };
		6D1C41DB19E6680C00F8600C /* CTViewfinderView.h */ = {isa = PBXFileReference; fileEncoding = 4; lastKnownFileType = sourcecode.c.h; path = CTViewfinderView.h; sourceTree = "<group>"; };
		6D1C41E019E6766300F8600C /* flash-off.png */ = {isa = PBXFileReference; lastKnownFileType = image.png; path = "flash-off.png"; sourceTree = "<group>"; };
		6D1C41E119E6766300F8600C /* flash-on.png */ = {isa = PBXFileReference; lastKnownFileType = image.png; path = "flash-on.png"; sourceTree = "<group>"; };
		6D1C41E819E731A300F8600C /* CTCamera.h */ = {isa = PBXFileReference; fileEncoding = 4; lastKnownFileType = sourcecode.c.h; path = CTCamera.h; sourceTree = "<group>"; };
		6D1C41E919E731A300F8600C /* CTCamera.m */ = {isa = PBXFileReference; fileEncoding = 4; lastKnownFileType = sourcecode.c.objc; path = CTCamera.m; sourceTree = "<group>"; };
		6D1C41EB19E738B200F8600C /* CTSharedServiceLocator.h */ = {isa = PBXFileReference; fileEncoding = 4; lastKnownFileType = sourcecode.c.h; path = CTSharedServiceLocator.h; sourceTree = "<group>"; };
		6D1C41EC19E738B200F8600C /* CTSharedServiceLocator.m */ = {isa = PBXFileReference; fileEncoding = 4; lastKnownFileType = sourcecode.c.objc; path = CTSharedServiceLocator.m; sourceTree = "<group>"; };
		6D1C41EE19E738F400F8600C /* CTImports.h */ = {isa = PBXFileReference; lastKnownFileType = sourcecode.c.h; path = CTImports.h; sourceTree = "<group>"; };
		6D1C41F019E743D000F8600C /* ToDo */ = {isa = PBXFileReference; fileEncoding = 4; lastKnownFileType = text; path = ToDo; sourceTree = "<group>"; };
		6D1C41F119E743D000F8600C /* TemplateIcon2x.png */ = {isa = PBXFileReference; lastKnownFileType = image.png; path = TemplateIcon2x.png; sourceTree = "<group>"; };
		6D1C41F419E74CA900F8600C /* CTMacros.h */ = {isa = PBXFileReference; lastKnownFileType = sourcecode.c.h; path = CTMacros.h; sourceTree = "<group>"; };
		6D2406AC1A159DB40006248A /* ClockGridWhiteBackground.png */ = {isa = PBXFileReference; lastKnownFileType = image.png; path = ClockGridWhiteBackground.png; sourceTree = "<group>"; };
		6D2406FD1A15A0510006248A /* Media.xcassets */ = {isa = PBXFileReference; lastKnownFileType = folder.assetcatalog; path = Media.xcassets; sourceTree = "<group>"; };
		6D2634CE1AA28637001E078C /* ClockGrid.png */ = {isa = PBXFileReference; lastKnownFileType = image.png; name = ClockGrid.png; path = Resources/Assets/ClockGrid.png; sourceTree = SOURCE_ROOT; };
		6DFDA2CF19E788DB00F69237 /* CTFilterCamera.h */ = {isa = PBXFileReference; fileEncoding = 4; lastKnownFileType = sourcecode.c.h; path = CTFilterCamera.h; sourceTree = "<group>"; };
		6DFDA2D019E788DB00F69237 /* CTFilterCamera.m */ = {isa = PBXFileReference; fileEncoding = 4; lastKnownFileType = sourcecode.c.objc; path = CTFilterCamera.m; sourceTree = "<group>"; };
		6DFDA2E219E7943700F69237 /* GPUImage.xcodeproj */ = {isa = PBXFileReference; lastKnownFileType = "wrapper.pb-project"; name = GPUImage.xcodeproj; path = "GPUImage-master/framework/GPUImage.xcodeproj"; sourceTree = SOURCE_ROOT; };
		6DFDA2F219E7947E00F69237 /* CoreMedia.framework */ = {isa = PBXFileReference; lastKnownFileType = wrapper.framework; name = CoreMedia.framework; path = System/Library/Frameworks/CoreMedia.framework; sourceTree = SDKROOT; };
		6DFDA2F419E7948700F69237 /* CoreVideo.framework */ = {isa = PBXFileReference; lastKnownFileType = wrapper.framework; name = CoreVideo.framework; path = System/Library/Frameworks/CoreVideo.framework; sourceTree = SDKROOT; };
		6DFDA2F619E7949000F69237 /* OpenGLES.framework */ = {isa = PBXFileReference; lastKnownFileType = wrapper.framework; name = OpenGLES.framework; path = System/Library/Frameworks/OpenGLES.framework; sourceTree = SDKROOT; };
		6DFDA2F819E7949600F69237 /* AVFoundation.framework */ = {isa = PBXFileReference; lastKnownFileType = wrapper.framework; name = AVFoundation.framework; path = System/Library/Frameworks/AVFoundation.framework; sourceTree = SDKROOT; };
		6DFDA2FA19E7949C00F69237 /* QuartzCore.framework */ = {isa = PBXFileReference; lastKnownFileType = wrapper.framework; name = QuartzCore.framework; path = System/Library/Frameworks/QuartzCore.framework; sourceTree = SDKROOT; };
		7C963026A44D5A8B08E1964A /* libPods-ColpTool.a */ = {isa = PBXFileReference; explicitFileType = archive.ar; includeInIndex = 0; path = "libPods-ColpTool.a"; sourceTree = BUILT_PRODUCTS_DIR; };
		C67798CAFA431DF7C4377534 /* Pods-ColpTool.release.xcconfig */ = {isa = PBXFileReference; includeInIndex = 1; lastKnownFileType = text.xcconfig; name = "Pods-ColpTool.release.xcconfig"; path = "Pods/Target Support Files/Pods-ColpTool/Pods-ColpTool.release.xcconfig"; sourceTree = "<group>"; };
		EAF84DF31ABD0FEA00C8A33D /* NSString+CTAdditions.h */ = {isa = PBXFileReference; fileEncoding = 4; lastKnownFileType = sourcecode.c.h; path = "NSString+CTAdditions.h"; sourceTree = "<group>"; };
		EAF84DF41ABD0FEA00C8A33D /* NSString+CTAdditions.m */ = {isa = PBXFileReference; fileEncoding = 4; lastKnownFileType = sourcecode.c.objc; path = "NSString+CTAdditions.m"; sourceTree = "<group>"; };
		EAF84DF91ABD110600C8A33D /* CTFileManager.h */ = {isa = PBXFileReference; fileEncoding = 4; lastKnownFileType = sourcecode.c.h; path = CTFileManager.h; sourceTree = "<group>"; };
		EAF84DFA1ABD110600C8A33D /* CTFileManager.m */ = {isa = PBXFileReference; fileEncoding = 4; lastKnownFileType = sourcecode.c.objc; path = CTFileManager.m; sourceTree = "<group>"; };
/* End PBXFileReference section */

/* Begin PBXFrameworksBuildPhase section */
		6D1C41AC19E667F100F8600C /* Frameworks */ = {
			isa = PBXFrameworksBuildPhase;
			buildActionMask = 2147483647;
			files = (
				6DF2434D1A08D51F00A48B4C /* GPUImage.framework in Frameworks */,
				6DFDA2FB19E7949C00F69237 /* QuartzCore.framework in Frameworks */,
				6DFDA2F919E7949600F69237 /* AVFoundation.framework in Frameworks */,
				6DFDA2F719E7949000F69237 /* OpenGLES.framework in Frameworks */,
				6DFDA2F519E7948700F69237 /* CoreVideo.framework in Frameworks */,
				6DFDA2F319E7947E00F69237 /* CoreMedia.framework in Frameworks */,
				8B688F3748BF5CAD53CE8CEA /* libPods-ColpTool.a in Frameworks */,
			);
			runOnlyForDeploymentPostprocessing = 0;
		};
		6D1C41C519E667F100F8600C /* Frameworks */ = {
			isa = PBXFrameworksBuildPhase;
			buildActionMask = 2147483647;
			files = (
			);
			runOnlyForDeploymentPostprocessing = 0;
		};
/* End PBXFrameworksBuildPhase section */

/* Begin PBXGroup section */
		2508D31698B3AFBCBAC8BC7E /* Pods */ = {
			isa = PBXGroup;
			children = (
				5C7E3B5EC87DA269FA156A71 /* Pods-ColpTool.debug.xcconfig */,
				C67798CAFA431DF7C4377534 /* Pods-ColpTool.release.xcconfig */,
			);
			name = Pods;
			sourceTree = "<group>";
		};
		6D1C41A619E667F100F8600C = {
			isa = PBXGroup;
			children = (
				6D1C41B119E667F100F8600C /* ColpTool */,
				6D1C41CB19E667F100F8600C /* ColpToolTests */,
				6D1C41B019E667F100F8600C /* Products */,
				6D1C41DE19E671AE00F8600C /* Resources */,
				6DFDA2C019E7854700F69237 /* Frameworks */,
				2508D31698B3AFBCBAC8BC7E /* Pods */,
			);
			sourceTree = "<group>";
		};
		6D1C41B019E667F100F8600C /* Products */ = {
			isa = PBXGroup;
			children = (
				6D1C41AF19E667F100F8600C /* ColpTool.app */,
				6D1C41C819E667F100F8600C /* ColpToolTests.xctest */,
			);
			name = Products;
			sourceTree = "<group>";
		};
		6D1C41B119E667F100F8600C /* ColpTool */ = {
			isa = PBXGroup;
			children = (
				6D1C41B619E667F100F8600C /* AppDelegate.h */,
				6D1C41B719E667F100F8600C /* AppDelegate.m */,
				6D1C41D819E6680C00F8600C /* CTViewfinderViewController.h */,
				6D1C41D919E6680C00F8600C /* CTViewfinderViewController.m */,
				6D1C41DB19E6680C00F8600C /* CTViewfinderView.h */,
				6D1C41DA19E6680C00F8600C /* CTViewfinderView.m */,
				6D1C41E819E731A300F8600C /* CTCamera.h */,
				6D1C41E919E731A300F8600C /* CTCamera.m */,
				6DFDA2CF19E788DB00F69237 /* CTFilterCamera.h */,
				6DFDA2D019E788DB00F69237 /* CTFilterCamera.m */,
				6D1C41EB19E738B200F8600C /* CTSharedServiceLocator.h */,
				6D1C41EC19E738B200F8600C /* CTSharedServiceLocator.m */,
				6D1C41EE19E738F400F8600C /* CTImports.h */,
				6D1C41F419E74CA900F8600C /* CTMacros.h */,
				6D1C41BC19E667F100F8600C /* Main.storyboard */,
				6D1C41C119E667F100F8600C /* LaunchScreen.xib */,
				6D1C41B219E667F100F8600C /* Supporting Files */,
				6D1C41F019E743D000F8600C /* ToDo */,
				6D1C41F119E743D000F8600C /* TemplateIcon2x.png */,
				EAF84DF31ABD0FEA00C8A33D /* NSString+CTAdditions.h */,
				EAF84DF41ABD0FEA00C8A33D /* NSString+CTAdditions.m */,
				EAF84DF91ABD110600C8A33D /* CTFileManager.h */,
				EAF84DFA1ABD110600C8A33D /* CTFileManager.m */,
			);
			path = ColpTool;
			sourceTree = "<group>";
		};
		6D1C41B219E667F100F8600C /* Supporting Files */ = {
			isa = PBXGroup;
			children = (
				6D1C41B319E667F100F8600C /* Info.plist */,
				6D1C41B419E667F100F8600C /* main.m */,
			);
			name = "Supporting Files";
			sourceTree = "<group>";
		};
		6D1C41CB19E667F100F8600C /* ColpToolTests */ = {
			isa = PBXGroup;
			children = (
				6D1C41CE19E667F100F8600C /* ColpToolTests.m */,
				6D1C41CC19E667F100F8600C /* Supporting Files */,
			);
			path = ColpToolTests;
			sourceTree = "<group>";
		};
		6D1C41CC19E667F100F8600C /* Supporting Files */ = {
			isa = PBXGroup;
			children = (
				6D1C41CD19E667F100F8600C /* Info.plist */,
			);
			name = "Supporting Files";
			sourceTree = "<group>";
		};
		6D1C41DE19E671AE00F8600C /* Resources */ = {
			isa = PBXGroup;
			children = (
				6D2406FD1A15A0510006248A /* Media.xcassets */,
				6D1C41DF19E671CB00F8600C /* Asset */,
			);
			name = Resources;
			path = ColpTool;
			sourceTree = "<group>";
		};
		6D1C41DF19E671CB00F8600C /* Asset */ = {
			isa = PBXGroup;
			children = (
				6D2406AC1A159DB40006248A /* ClockGridWhiteBackground.png */,
				6D1C41E019E6766300F8600C /* flash-off.png */,
				6D1C41E119E6766300F8600C /* flash-on.png */,
				6D2634CE1AA28637001E078C /* ClockGrid.png */,
			);
			name = Asset;
			sourceTree = "<group>";
		};
		6DFDA2C019E7854700F69237 /* Frameworks */ = {
			isa = PBXGroup;
			children = (
				6DFDA2FA19E7949C00F69237 /* QuartzCore.framework */,
				6DFDA2F819E7949600F69237 /* AVFoundation.framework */,
				6DFDA2F619E7949000F69237 /* OpenGLES.framework */,
				6DFDA2F419E7948700F69237 /* CoreVideo.framework */,
				6DFDA2F219E7947E00F69237 /* CoreMedia.framework */,
				6DFDA2E219E7943700F69237 /* GPUImage.xcodeproj */,
				7C963026A44D5A8B08E1964A /* libPods-ColpTool.a */,
			);
			name = Frameworks;
			path = ColpTool;
			sourceTree = "<group>";
		};
		6DFDA2E319E7943700F69237 /* Products */ = {
			isa = PBXGroup;
			children = (
				6DFDA2EA19E7943800F69237 /* libGPUImage.a */,
				6DFDA2EC19E7943800F69237 /* GPUImageTests.octest */,
				6DFDA2EE19E7943800F69237 /* GPUImage.framework */,
			);
			name = Products;
			sourceTree = "<group>";
		};
/* End PBXGroup section */

/* Begin PBXNativeTarget section */
		6D1C41AE19E667F100F8600C /* ColpTool */ = {
			isa = PBXNativeTarget;
			buildConfigurationList = 6D1C41D219E667F100F8600C /* Build configuration list for PBXNativeTarget "ColpTool" */;
			buildPhases = (
				AD47B9E05B0D96DAC4874259 /* Check Pods Manifest.lock */,
				6D1C41AB19E667F100F8600C /* Sources */,
				6D1C41AC19E667F100F8600C /* Frameworks */,
				6D1C41AD19E667F100F8600C /* Resources */,
				6DF2434E1A08D52300A48B4C /* CopyFiles */,
				3F911DB0279B7A92234A3546 /* Copy Pods Resources */,
			);
			buildRules = (
			);
			dependencies = (
				6DF2434C1A08D51400A48B4C /* PBXTargetDependency */,
			);
			name = ColpTool;
			productName = ColpTool;
			productReference = 6D1C41AF19E667F100F8600C /* ColpTool.app */;
			productType = "com.apple.product-type.application";
		};
		6D1C41C719E667F100F8600C /* ColpToolTests */ = {
			isa = PBXNativeTarget;
			buildConfigurationList = 6D1C41D519E667F100F8600C /* Build configuration list for PBXNativeTarget "ColpToolTests" */;
			buildPhases = (
				6D1C41C419E667F100F8600C /* Sources */,
				6D1C41C519E667F100F8600C /* Frameworks */,
				6D1C41C619E667F100F8600C /* Resources */,
			);
			buildRules = (
			);
			dependencies = (
				6D1C41CA19E667F100F8600C /* PBXTargetDependency */,
			);
			name = ColpToolTests;
			productName = ColpToolTests;
			productReference = 6D1C41C819E667F100F8600C /* ColpToolTests.xctest */;
			productType = "com.apple.product-type.bundle.unit-test";
		};
/* End PBXNativeTarget section */

/* Begin PBXProject section */
		6D1C41A719E667F100F8600C /* Project object */ = {
			isa = PBXProject;
			attributes = {
				LastUpgradeCheck = 0610;
				ORGANIZATIONNAME = "Alda Luong";
				TargetAttributes = {
					6D1C41AE19E667F100F8600C = {
						CreatedOnToolsVersion = 6.0.1;
						DevelopmentTeam = RJ2K2K546C;
					};
					6D1C41C719E667F100F8600C = {
						CreatedOnToolsVersion = 6.0.1;
						DevelopmentTeam = RJ2K2K546C;
						TestTargetID = 6D1C41AE19E667F100F8600C;
					};
				};
			};
			buildConfigurationList = 6D1C41AA19E667F100F8600C /* Build configuration list for PBXProject "ColpTool" */;
			compatibilityVersion = "Xcode 3.2";
			developmentRegion = English;
			hasScannedForEncodings = 0;
			knownRegions = (
				en,
				Base,
			);
			mainGroup = 6D1C41A619E667F100F8600C;
			productRefGroup = 6D1C41B019E667F100F8600C /* Products */;
			projectDirPath = "";
			projectReferences = (
				{
					ProductGroup = 6DFDA2E319E7943700F69237 /* Products */;
					ProjectRef = 6DFDA2E219E7943700F69237 /* GPUImage.xcodeproj */;
				},
			);
			projectRoot = "";
			targets = (
				6D1C41AE19E667F100F8600C /* ColpTool */,
				6D1C41C719E667F100F8600C /* ColpToolTests */,
			);
		};
/* End PBXProject section */

/* Begin PBXReferenceProxy section */
		6DFDA2EA19E7943800F69237 /* libGPUImage.a */ = {
			isa = PBXReferenceProxy;
			fileType = archive.ar;
			path = libGPUImage.a;
			remoteRef = 6DFDA2E919E7943800F69237 /* PBXContainerItemProxy */;
			sourceTree = BUILT_PRODUCTS_DIR;
		};
		6DFDA2EC19E7943800F69237 /* GPUImageTests.octest */ = {
			isa = PBXReferenceProxy;
			fileType = wrapper.cfbundle;
			path = GPUImageTests.octest;
			remoteRef = 6DFDA2EB19E7943800F69237 /* PBXContainerItemProxy */;
			sourceTree = BUILT_PRODUCTS_DIR;
		};
		6DFDA2EE19E7943800F69237 /* GPUImage.framework */ = {
			isa = PBXReferenceProxy;
			fileType = wrapper.framework;
			path = GPUImage.framework;
			remoteRef = 6DFDA2ED19E7943800F69237 /* PBXContainerItemProxy */;
			sourceTree = BUILT_PRODUCTS_DIR;
		};
/* End PBXReferenceProxy section */

/* Begin PBXResourcesBuildPhase section */
		6D1C41AD19E667F100F8600C /* Resources */ = {
			isa = PBXResourcesBuildPhase;
			buildActionMask = 2147483647;
			files = (
				6D1C41BE19E667F100F8600C /* Main.storyboard in Resources */,
				6D1C41F219E743D000F8600C /* ToDo in Resources */,
				6D1C41C319E667F100F8600C /* LaunchScreen.xib in Resources */,
				6D1C41F319E743D000F8600C /* TemplateIcon2x.png in Resources */,
				6D1C41E319E6766300F8600C /* flash-on.png in Resources */,
				6D2634CF1AA28637001E078C /* ClockGrid.png in Resources */,
				6D2406AD1A159DB40006248A /* ClockGridWhiteBackground.png in Resources */,
				6D2406FE1A15A0510006248A /* Media.xcassets in Resources */,
				6D1C41E219E6766300F8600C /* flash-off.png in Resources */,
			);
			runOnlyForDeploymentPostprocessing = 0;
		};
		6D1C41C619E667F100F8600C /* Resources */ = {
			isa = PBXResourcesBuildPhase;
			buildActionMask = 2147483647;
			files = (
			);
			runOnlyForDeploymentPostprocessing = 0;
		};
/* End PBXResourcesBuildPhase section */

/* Begin PBXShellScriptBuildPhase section */
		3F911DB0279B7A92234A3546 /* Copy Pods Resources */ = {
			isa = PBXShellScriptBuildPhase;
			buildActionMask = 2147483647;
			files = (
			);
			inputPaths = (
			);
			name = "Copy Pods Resources";
			outputPaths = (
			);
			runOnlyForDeploymentPostprocessing = 0;
			shellPath = /bin/sh;
			shellScript = "\"${SRCROOT}/Pods/Target Support Files/Pods-ColpTool/Pods-ColpTool-resources.sh\"\n";
			showEnvVarsInLog = 0;
		};
		AD47B9E05B0D96DAC4874259 /* Check Pods Manifest.lock */ = {
			isa = PBXShellScriptBuildPhase;
			buildActionMask = 2147483647;
			files = (
			);
			inputPaths = (
			);
			name = "Check Pods Manifest.lock";
			outputPaths = (
			);
			runOnlyForDeploymentPostprocessing = 0;
			shellPath = /bin/sh;
			shellScript = "diff \"${PODS_ROOT}/../Podfile.lock\" \"${PODS_ROOT}/Manifest.lock\" > /dev/null\nif [[ $? != 0 ]] ; then\n    cat << EOM\nerror: The sandbox is not in sync with the Podfile.lock. Run 'pod install' or update your CocoaPods installation.\nEOM\n    exit 1\nfi\n";
			showEnvVarsInLog = 0;
		};
/* End PBXShellScriptBuildPhase section */

/* Begin PBXSourcesBuildPhase section */
		6D1C41AB19E667F100F8600C /* Sources */ = {
			isa = PBXSourcesBuildPhase;
			buildActionMask = 2147483647;
			files = (
				6DFDA2D119E788DB00F69237 /* CTFilterCamera.m in Sources */,
				6D1C41DC19E6680C00F8600C /* CTViewfinderViewController.m in Sources */,
				EAF84DF51ABD0FEA00C8A33D /* NSString+CTAdditions.m in Sources */,
				6D1C41DD19E6680C00F8600C /* CTViewfinderView.m in Sources */,
				6D1C41EA19E731A300F8600C /* CTCamera.m in Sources */,
				6D1C41B819E667F100F8600C /* AppDelegate.m in Sources */,
				6D1C41ED19E738B200F8600C /* CTSharedServiceLocator.m in Sources */,
				6D1C41B519E667F100F8600C /* main.m in Sources */,
				EAF84DFB1ABD110600C8A33D /* CTFileManager.m in Sources */,
			);
			runOnlyForDeploymentPostprocessing = 0;
		};
		6D1C41C419E667F100F8600C /* Sources */ = {
			isa = PBXSourcesBuildPhase;
			buildActionMask = 2147483647;
			files = (
				6D1C41CF19E667F100F8600C /* ColpToolTests.m in Sources */,
			);
			runOnlyForDeploymentPostprocessing = 0;
		};
/* End PBXSourcesBuildPhase section */

/* Begin PBXTargetDependency section */
		6D1C41CA19E667F100F8600C /* PBXTargetDependency */ = {
			isa = PBXTargetDependency;
			target = 6D1C41AE19E667F100F8600C /* ColpTool */;
			targetProxy = 6D1C41C919E667F100F8600C /* PBXContainerItemProxy */;
		};
		6DF2434C1A08D51400A48B4C /* PBXTargetDependency */ = {
			isa = PBXTargetDependency;
			name = GPUImageFramework;
			targetProxy = 6DF2434B1A08D51400A48B4C /* PBXContainerItemProxy */;
		};
/* End PBXTargetDependency section */

/* Begin PBXVariantGroup section */
		6D1C41BC19E667F100F8600C /* Main.storyboard */ = {
			isa = PBXVariantGroup;
			children = (
				6D1C41BD19E667F100F8600C /* Base */,
			);
			name = Main.storyboard;
			sourceTree = "<group>";
		};
		6D1C41C119E667F100F8600C /* LaunchScreen.xib */ = {
			isa = PBXVariantGroup;
			children = (
				6D1C41C219E667F100F8600C /* Base */,
			);
			name = LaunchScreen.xib;
			sourceTree = "<group>";
		};
/* End PBXVariantGroup section */

/* Begin XCBuildConfiguration section */
		6D1C41D019E667F100F8600C /* Debug */ = {
			isa = XCBuildConfiguration;
			buildSettings = {
				ALWAYS_SEARCH_USER_PATHS = NO;
				CLANG_CXX_LANGUAGE_STANDARD = "gnu++0x";
				CLANG_CXX_LIBRARY = "libc++";
				CLANG_ENABLE_MODULES = YES;
				CLANG_ENABLE_OBJC_ARC = YES;
				CLANG_WARN_BOOL_CONVERSION = YES;
				CLANG_WARN_CONSTANT_CONVERSION = YES;
				CLANG_WARN_DIRECT_OBJC_ISA_USAGE = YES_ERROR;
				CLANG_WARN_EMPTY_BODY = YES;
				CLANG_WARN_ENUM_CONVERSION = YES;
				CLANG_WARN_INT_CONVERSION = YES;
				CLANG_WARN_OBJC_ROOT_CLASS = YES_ERROR;
				CLANG_WARN_UNREACHABLE_CODE = YES;
				CLANG_WARN__DUPLICATE_METHOD_MATCH = YES;
				"CODE_SIGN_ENTITLEMENTS[sdk=*]" = "";
				CODE_SIGN_IDENTITY = "iPhone Developer";
				"CODE_SIGN_IDENTITY[sdk=iphoneos*]" = "iPhone Developer";
				COPY_PHASE_STRIP = NO;
				ENABLE_STRICT_OBJC_MSGSEND = YES;
				GCC_C_LANGUAGE_STANDARD = gnu99;
				GCC_DYNAMIC_NO_PIC = NO;
				GCC_OPTIMIZATION_LEVEL = 0;
				GCC_PREPROCESSOR_DEFINITIONS = (
					"DEBUG=1",
					"$(inherited)",
				);
				GCC_SYMBOLS_PRIVATE_EXTERN = NO;
				GCC_WARN_64_TO_32_BIT_CONVERSION = YES;
				GCC_WARN_ABOUT_RETURN_TYPE = YES_ERROR;
				GCC_WARN_UNDECLARED_SELECTOR = YES;
				GCC_WARN_UNINITIALIZED_AUTOS = YES_AGGRESSIVE;
				GCC_WARN_UNUSED_FUNCTION = YES;
				GCC_WARN_UNUSED_VARIABLE = YES;
				IPHONEOS_DEPLOYMENT_TARGET = 7.1;
				MTL_ENABLE_DEBUG_INFO = YES;
				ONLY_ACTIVE_ARCH = YES;
				PROVISIONING_PROFILE = "d5658b45-dd6d-45bf-88e3-a2ccf2620e17";
				SDKROOT = iphoneos;
				TARGETED_DEVICE_FAMILY = "1,2";
			};
			name = Debug;
		};
		6D1C41D119E667F100F8600C /* Release */ = {
			isa = XCBuildConfiguration;
			buildSettings = {
				ALWAYS_SEARCH_USER_PATHS = NO;
				CLANG_CXX_LANGUAGE_STANDARD = "gnu++0x";
				CLANG_CXX_LIBRARY = "libc++";
				CLANG_ENABLE_MODULES = YES;
				CLANG_ENABLE_OBJC_ARC = YES;
				CLANG_WARN_BOOL_CONVERSION = YES;
				CLANG_WARN_CONSTANT_CONVERSION = YES;
				CLANG_WARN_DIRECT_OBJC_ISA_USAGE = YES_ERROR;
				CLANG_WARN_EMPTY_BODY = YES;
				CLANG_WARN_ENUM_CONVERSION = YES;
				CLANG_WARN_INT_CONVERSION = YES;
				CLANG_WARN_OBJC_ROOT_CLASS = YES_ERROR;
				CLANG_WARN_UNREACHABLE_CODE = YES;
				CLANG_WARN__DUPLICATE_METHOD_MATCH = YES;
				CODE_SIGN_IDENTITY = "iPhone Distribution: Alda Luong (RJ2K2K546C)";
				"CODE_SIGN_IDENTITY[sdk=iphoneos*]" = "iPhone Distribution: Alda Luong (RJ2K2K546C)";
				COPY_PHASE_STRIP = YES;
				ENABLE_NS_ASSERTIONS = NO;
				ENABLE_STRICT_OBJC_MSGSEND = YES;
				GCC_C_LANGUAGE_STANDARD = gnu99;
				GCC_WARN_64_TO_32_BIT_CONVERSION = YES;
				GCC_WARN_ABOUT_RETURN_TYPE = YES_ERROR;
				GCC_WARN_UNDECLARED_SELECTOR = YES;
				GCC_WARN_UNINITIALIZED_AUTOS = YES_AGGRESSIVE;
				GCC_WARN_UNUSED_FUNCTION = YES;
				GCC_WARN_UNUSED_VARIABLE = YES;
				IPHONEOS_DEPLOYMENT_TARGET = 7.1;
				MTL_ENABLE_DEBUG_INFO = NO;
				PROVISIONING_PROFILE = "7e58c5d8-08ad-4a39-99e3-b3f541de18d6";
				SDKROOT = iphoneos;
				TARGETED_DEVICE_FAMILY = "1,2";
				VALIDATE_PRODUCT = YES;
			};
			name = Release;
		};
		6D1C41D319E667F100F8600C /* Debug */ = {
			isa = XCBuildConfiguration;
			baseConfigurationReference = 5C7E3B5EC87DA269FA156A71 /* Pods-ColpTool.debug.xcconfig */;
			buildSettings = {
				ASSETCATALOG_COMPILER_APPICON_NAME = AppIcon;
				ASSETCATALOG_COMPILER_LAUNCHIMAGE_NAME = LaunchImage;
				CODE_SIGN_IDENTITY = "iPhone Developer";
				"CODE_SIGN_IDENTITY[sdk=iphoneos*]" = "iPhone Developer";
				HEADER_SEARCH_PATHS = (
					"$(inherited)",
					/Applications/Xcode.app/Contents/Developer/Toolchains/XcodeDefault.xctoolchain/usr/include,
				);
				"HEADER_SEARCH_PATHS[arch=*]" = (
					"$(inherited)",
					/Applications/Xcode.app/Contents/Developer/Toolchains/XcodeDefault.xctoolchain/usr/include,
				);
				INFOPLIST_FILE = ColpTool/Info.plist;
				IPHONEOS_DEPLOYMENT_TARGET = 8.0;
				LD_RUNPATH_SEARCH_PATHS = "$(inherited) @executable_path/Frameworks";
				"OTHER_LDFLAGS[arch=*]" = "-ObjC";
				PRODUCT_NAME = "$(TARGET_NAME)";
				PROVISIONING_PROFILE = "";
				TARGETED_DEVICE_FAMILY = 1;
			};
			name = Debug;
		};
		6D1C41D419E667F100F8600C /* Release */ = {
			isa = XCBuildConfiguration;
			baseConfigurationReference = C67798CAFA431DF7C4377534 /* Pods-ColpTool.release.xcconfig */;
			buildSettings = {
				ASSETCATALOG_COMPILER_APPICON_NAME = AppIcon;
				ASSETCATALOG_COMPILER_LAUNCHIMAGE_NAME = LaunchImage;
				CODE_SIGN_IDENTITY = "iPhone Developer";
				"CODE_SIGN_IDENTITY[sdk=iphoneos*]" = "iPhone Developer";
				HEADER_SEARCH_PATHS = (
					"$(inherited)",
					/Applications/Xcode.app/Contents/Developer/Toolchains/XcodeDefault.xctoolchain/usr/include,
				);
				"HEADER_SEARCH_PATHS[arch=*]" = (
					"$(inherited)",
					/Applications/Xcode.app/Contents/Developer/Toolchains/XcodeDefault.xctoolchain/usr/include,
					"/GPUImage-master/framework/Source/**",
				);
				INFOPLIST_FILE = ColpTool/Info.plist;
				IPHONEOS_DEPLOYMENT_TARGET = 8.0;
				LD_RUNPATH_SEARCH_PATHS = "$(inherited) @executable_path/Frameworks";
				PRODUCT_NAME = "$(TARGET_NAME)";
				PROVISIONING_PROFILE = "";
				TARGETED_DEVICE_FAMILY = 1;
			};
			name = Release;
		};
		6D1C41D619E667F100F8600C /* Debug */ = {
			isa = XCBuildConfiguration;
			buildSettings = {
				BUNDLE_LOADER = "$(TEST_HOST)";
				CODE_SIGN_IDENTITY = "iPhone Developer";
				"CODE_SIGN_IDENTITY[sdk=iphoneos*]" = "iPhone Developer";
				FRAMEWORK_SEARCH_PATHS = (
					"$(SDKROOT)/Developer/Library/Frameworks",
					"$(inherited)",
				);
				GCC_PREPROCESSOR_DEFINITIONS = (
					"DEBUG=1",
					"$(inherited)",
				);
				INFOPLIST_FILE = ColpToolTests/Info.plist;
				LD_RUNPATH_SEARCH_PATHS = "$(inherited) @executable_path/Frameworks @loader_path/Frameworks";
				PRODUCT_NAME = "$(TARGET_NAME)";
				PROVISIONING_PROFILE = "";
				TEST_HOST = "$(BUILT_PRODUCTS_DIR)/ColpTool.app/ColpTool";
			};
			name = Debug;
		};
		6D1C41D719E667F100F8600C /* Release */ = {
			isa = XCBuildConfiguration;
			buildSettings = {
				BUNDLE_LOADER = "$(TEST_HOST)";
				CODE_SIGN_IDENTITY = "iPhone Developer";
				"CODE_SIGN_IDENTITY[sdk=iphoneos*]" = "iPhone Developer";
				FRAMEWORK_SEARCH_PATHS = (
					"$(SDKROOT)/Developer/Library/Frameworks",
					"$(inherited)",
				);
				INFOPLIST_FILE = ColpToolTests/Info.plist;
				LD_RUNPATH_SEARCH_PATHS = "$(inherited) @executable_path/Frameworks @loader_path/Frameworks";
				PRODUCT_NAME = "$(TARGET_NAME)";
				PROVISIONING_PROFILE = "";
				TEST_HOST = "$(BUILT_PRODUCTS_DIR)/ColpTool.app/ColpTool";
			};
			name = Release;
		};
/* End XCBuildConfiguration section */

/* Begin XCConfigurationList section */
		6D1C41AA19E667F100F8600C /* Build configuration list for PBXProject "ColpTool" */ = {
			isa = XCConfigurationList;
			buildConfigurations = (
				6D1C41D019E667F100F8600C /* Debug */,
				6D1C41D119E667F100F8600C /* Release */,
			);
			defaultConfigurationIsVisible = 0;
			defaultConfigurationName = Release;
		};
		6D1C41D219E667F100F8600C /* Build configuration list for PBXNativeTarget "ColpTool" */ = {
			isa = XCConfigurationList;
			buildConfigurations = (
				6D1C41D319E667F100F8600C /* Debug */,
				6D1C41D419E667F100F8600C /* Release */,
			);
			defaultConfigurationIsVisible = 0;
			defaultConfigurationName = Release;
		};
		6D1C41D519E667F100F8600C /* Build configuration list for PBXNativeTarget "ColpToolTests" */ = {
			isa = XCConfigurationList;
			buildConfigurations = (
				6D1C41D619E667F100F8600C /* Debug */,
				6D1C41D719E667F100F8600C /* Release */,
			);
			defaultConfigurationIsVisible = 0;
			defaultConfigurationName = Release;
		};
/* End XCConfigurationList section */
	};
	rootObject = 6D1C41A719E667F100F8600C /* Project object */;
}
